{"SurveyEntry":{"SurveyID":"SV_egGrQTwBJx22Doa","SurveyName":"Virtual Influencers (EEG)","SurveyDescription":null,"SurveyOwnerID":"UR_aeDRLfXE6xxcLKC","SurveyBrandID":"rowebusiness","DivisionID":null,"SurveyLanguage":"EN","SurveyActiveResponseSet":"RS_bfKpHsjlE9dmndA","SurveyStatus":"Active","SurveyStartDate":"0000-00-00 00:00:00","SurveyExpirationDate":"0000-00-00 00:00:00","SurveyCreationDate":"2022-05-18 16:22:11","CreatorID":"UR_aeDRLfXE6xxcLKC","LastModified":"2022-08-29 06:01:31","LastAccessed":"0000-00-00 00:00:00","LastActivated":"2022-05-18 16:29:02","Deleted":null},"SurveyElements":[{"SurveyID":"SV_egGrQTwBJx22Doa","Element":"BL","PrimaryAttribute":"Survey Blocks","SecondaryAttribute":null,"TertiaryAttribute":null,"Payload":[{"Type":"Default","Description":"Introduction","ID":"BL_bvaQgWJ0HO6Ubsi","BlockElements":[{"Type":"Question","QuestionID":"QID1"}]},{"Type":"Trash","Description":"Trash \/ Unused Questions","ID":"BL_9tc98sju0pk2Iuy","BlockElements":[{"Type":"Question","QuestionID":"QID11"},{"Type":"Question","QuestionID":"QID10"}]},{"Type":"Standard","SubType":"","Description":"Demographics","ID":"BL_1yMzqr3ArXHJ7yC","BlockElements":[{"Type":"Question","QuestionID":"QID2"},{"Type":"Question","QuestionID":"QID3"},{"Type":"Question","QuestionID":"QID4"},{"Type":"Question","QuestionID":"QID9"},{"Type":"Question","QuestionID":"QID5"},{"Type":"Question","QuestionID":"QID6"},{"Type":"Question","QuestionID":"QID7"},{"Type":"Question","QuestionID":"QID8"}],"Options":{"BlockLocking":false,"RandomizeQuestions":"false","BlockVisibility":"Expanded"}},{"Type":"Standard","SubType":"","Description":"Block 2","ID":"BL_8FVcdBEPA7AHtps","BlockElements":[{"Type":"Question","QuestionID":"QID12"}]}]},{"SurveyID":"SV_egGrQTwBJx22Doa","Element":"FL","PrimaryAttribute":"Survey Flow","SecondaryAttribute":null,"TertiaryAttribute":null,"Payload":{"Flow":[{"ID":"BL_8FVcdBEPA7AHtps","Type":"Standard","FlowID":"FL_5"},{"ID":"BL_bvaQgWJ0HO6Ubsi","Type":"Block","FlowID":"FL_2"},{"ID":"BL_1yMzqr3ArXHJ7yC","Type":"Standard","FlowID":"FL_3"}],"Properties":{"Count":5},"FlowID":"FL_1","Type":"Root"}},{"SurveyID":"SV_egGrQTwBJx22Doa","Element":"PL","PrimaryAttribute":"Preview Link","SecondaryAttribute":null,"TertiaryAttribute":null,"Payload":{"PreviewType":"Brand","PreviewID":"8798fef9-3404-4520-a6bd-668b7984841d"}},{"SurveyID":"SV_egGrQTwBJx22Doa","Element":"SO","PrimaryAttribute":"Survey Options","SecondaryAttribute":null,"TertiaryAttribute":null,"Payload":{"BackButton":"false","SaveAndContinue":"true","SurveyProtection":"PublicSurvey","BallotBoxStuffingPrevention":"false","NoIndex":"Yes","SecureResponseFiles":"true","SurveyExpiration":"None","SurveyTermination":"DefaultMessage","Header":"","Footer":"","ProgressBarDisplay":"None","PartialData":"+1 week","ValidationMessage":"","PreviousButton":"","NextButton":"","SurveyTitle":"Qualtrics Survey | Qualtrics Experience Management","SkinLibrary":"rowebusiness","SkinType":"MQ","Skin":"rowebusiness2","NewScoring":1,"SurveyName":"Virtual Influencers (EEG)","ProtectSelectionIds":true}},{"SurveyID":"SV_egGrQTwBJx22Doa","Element":"SCO","PrimaryAttribute":"Scoring","SecondaryAttribute":null,"TertiaryAttribute":null,"Payload":{"ScoringCategories":[],"ScoringCategoryGroups":[],"ScoringSummaryCategory":null,"ScoringSummaryAfterQuestions":0,"ScoringSummaryAfterSurvey":0,"DefaultScoringCategory":null,"AutoScoringCategory":null}},{"SurveyID":"SV_egGrQTwBJx22Doa","Element":"PROJ","PrimaryAttribute":"CORE","SecondaryAttribute":null,"TertiaryAttribute":"1.1.0","Payload":{"ProjectCategory":"CORE","SchemaVersion":"1.1.0"}},{"SurveyID":"SV_egGrQTwBJx22Doa","Element":"STAT","PrimaryAttribute":"Survey Statistics","SecondaryAttribute":null,"TertiaryAttribute":null,"Payload":{"MobileCompatible":false,"ID":"Survey Statistics"}},{"SurveyID":"SV_egGrQTwBJx22Doa","Element":"QC","PrimaryAttribute":"Survey Question Count","SecondaryAttribute":"12","TertiaryAttribute":null,"Payload":null},{"SurveyID":"SV_egGrQTwBJx22Doa","Element":"SQ","PrimaryAttribute":"QID10","SecondaryAttribute":"Click to write the question text","TertiaryAttribute":null,"Payload":{"QuestionText":"Click to write the question text","DataExportTag":"Q10","QuestionType":"MC","Selector":"SAVR","SubSelector":"TX","Configuration":{"QuestionDescriptionOption":"UseText"},"QuestionDescription":"Click to write the question text","Choices":{"1":{"Display":"Click to write Choice 1"},"2":{"Display":"Click to write Choice 2"},"3":{"Display":"Click to write Choice 3"}},"ChoiceOrder":["1","2","3"],"Validation":{"Settings":{"ForceResponse":"OFF","Type":"None"}},"Language":[],"NextChoiceId":4,"NextAnswerId":1,"QuestionID":"QID10"}},{"SurveyID":"SV_egGrQTwBJx22Doa","Element":"SQ","PrimaryAttribute":"QID11","SecondaryAttribute":"Click to write the question text","TertiaryAttribute":null,"Payload":{"QuestionText":"Click to write the question text","DefaultChoices":false,"DataExportTag":"Q11","QuestionType":"DB","Selector":"TB","Configuration":{"QuestionDescriptionOption":"UseText"},"QuestionDescription":"Click to write the question text","ChoiceOrder":[],"Validation":{"Settings":{"Type":"None"}},"GradingData":[],"Language":[],"NextChoiceId":4,"NextAnswerId":1,"QuestionID":"QID11"}},{"SurveyID":"SV_egGrQTwBJx22Doa","Element":"RS","PrimaryAttribute":"RS_bfKpHsjlE9dmndA","SecondaryAttribute":"Default Response Set","TertiaryAttribute":null,"Payload":null},{"SurveyID":"SV_egGrQTwBJx22Doa","Element":"SQ","PrimaryAttribute":"QID2","SecondaryAttribute":"education","TertiaryAttribute":null,"Payload":{"QuestionText":"What is your highest educational level?","DefaultChoices":false,"QuestionType":"MC","Selector":"SAVR","SubSelector":"TX","Configuration":{"QuestionDescriptionOption":"SpecifyLabel"},"QuestionDescription":"education","Choices":{"1":{"Display":"Below high school or GED"},"2":{"Display":"High school or GED"},"3":{"Display":"College or postsecondary certificate"},"4":{"Display":"Bachelor degree (University)"},"5":{"Display":"Postgraduate degree (University)"}},"ChoiceOrder":[1,2,3,4,5],"Validation":{"Settings":{"ForceResponse":"ON","ForceResponseType":"ON","Type":"None"}},"GradingData":[],"Language":[],"NextChoiceId":6,"NextAnswerId":3,"QuestionText_Unsafe":"What is your highest educational level?","DataExportTag":"Q1","QuestionID":"QID2"}},{"SurveyID":"SV_egGrQTwBJx22Doa","Element":"SQ","PrimaryAttribute":"QID5","SecondaryAttribute":"How frequently do you use Instagram?","TertiaryAttribute":null,"Payload":{"QuestionText":"How frequently do you use Instagram?","DefaultChoices":false,"QuestionType":"MC","Selector":"SAVR","SubSelector":"TX","Configuration":{"QuestionDescriptionOption":"UseText","TextPosition":"inline"},"QuestionDescription":"How frequently do you use Instagram?","Choices":{"1":{"Display":"several times per hour"},"2":{"Display":"several times per day"},"3":{"Display":"several times per week"},"4":{"Display":"several times per month"},"5":{"Display":"fewer than on a monthly basis"}},"ChoiceOrder":[1,2,3,4,5],"Validation":{"Settings":{"ForceResponse":"ON","ForceResponseType":"ON","Type":"None"}},"GradingData":[],"Language":[],"NextChoiceId":6,"NextAnswerId":4,"QuestionText_Unsafe":"How frequently do you use Instagram?","DataExportTag":"Q4","QuestionID":"QID5"}},{"SurveyID":"SV_egGrQTwBJx22Doa","Element":"SQ","PrimaryAttribute":"QID6","SecondaryAttribute":"How many influencers do you follow on Instagram?","TertiaryAttribute":null,"Payload":{"QuestionText":"How many influencers do you follow on Instagram?","DefaultChoices":false,"QuestionType":"MC","Selector":"SAVR","SubSelector":"TX","Configuration":{"QuestionDescriptionOption":"UseText"},"QuestionDescription":"How many influencers do you follow on Instagram?","Choices":{"1":{"Display":"more than 100"},"2":{"Display":"more than 50"},"3":{"Display":"more than 10"},"4":{"Display":"more than 5"},"5":{"Display":"less than 5"}},"ChoiceOrder":[1,2,3,4,5],"Validation":{"Settings":{"ForceResponse":"ON","ForceResponseType":"ON","Type":"None"}},"GradingData":[],"Language":[],"NextChoiceId":6,"NextAnswerId":1,"QuestionText_Unsafe":"How many influencers do you follow on Instagram?","DataExportTag":"Q5","QuestionID":"QID6"}},{"SurveyID":"SV_egGrQTwBJx22Doa","Element":"SQ","PrimaryAttribute":"QID4","SecondaryAttribute":"How old are you (in years)?","TertiaryAttribute":null,"Payload":{"QuestionText":"How old are you (in years)?<br>","DefaultChoices":false,"QuestionType":"TE","Selector":"SL","Configuration":{"QuestionDescriptionOption":"UseText"},"QuestionDescription":"How old are you (in years)?","Validation":{"Settings":{"ForceResponse":"ON","ForceResponseType":"ON","Type":"ContentType","MinChars":"1","TotalChars":"1","ContentType":"ValidNumber","ValidDateType":"DateWithFormat","ValidPhoneType":"ValidUSPhone","ValidZipType":"ValidUSZip","ValidNumber":{"Min":"18","Max":"99","NumDecimals":""}}},"GradingData":[],"Language":[],"NextChoiceId":4,"NextAnswerId":1,"SearchSource":{"AllowFreeResponse":"false"},"QuestionText_Unsafe":"How old are you (in years)?<br>","DataExportTag":"Q3","QuestionID":"QID4"}},{"SurveyID":"SV_egGrQTwBJx22Doa","Element":"SQ","PrimaryAttribute":"QID12","SecondaryAttribute":"ParticipantID (to be filled out by experimenter)","TertiaryAttribute":null,"Payload":{"QuestionText":"ParticipantID (to be filled out by experimenter)<br>","DefaultChoices":false,"DataExportTag":"Q12","QuestionType":"TE","Selector":"SL","Configuration":{"QuestionDescriptionOption":"UseText"},"QuestionDescription":"ParticipantID (to be filled out by experimenter)","Validation":{"Settings":{"ForceResponse":"OFF","Type":"None"}},"GradingData":[],"Language":[],"NextChoiceId":4,"NextAnswerId":1,"SearchSource":{"AllowFreeResponse":"false"},"QuestionID":"QID12"}},{"SurveyID":"SV_egGrQTwBJx22Doa","Element":"SQ","PrimaryAttribute":"QID8","SecondaryAttribute":"Please rate in how far you agree to the following statements.","TertiaryAttribute":null,"Payload":{"QuestionText":"Please rate in how far you agree to the following statements.","DefaultChoices":false,"QuestionType":"Matrix","Selector":"Likert","SubSelector":"SingleAnswer","Configuration":{"QuestionDescriptionOption":"UseText","TextPosition":"inline","ChoiceColumnWidth":25,"RepeatHeaders":"none","WhiteSpace":"OFF","MobileFirst":true},"QuestionDescription":"Please rate in how far you agree to the following statements.","Choices":{"1":{"Display":"My perceptions often change when I receive information from the influencers that I follow."},"2":{"Display":"I value the opinion of the influencers that I follow as if they were someone close whom I trust."},"3":{"Display":"The influencers that I follow suggest helpful products or brands to me."}},"ChoiceOrder":[1,2,3],"Validation":{"Settings":{"ForceResponse":"ON","ForceResponseType":"ON","Type":"None"}},"GradingData":[],"Language":[],"NextChoiceId":4,"NextAnswerId":6,"Answers":{"1":{"Display":"1 (totally disagree)"},"2":{"Display":"2"},"3":{"Display":"3"},"4":{"Display":"4"},"5":{"Display":"5 (totally agree)"}},"AnswerOrder":[1,2,3,4,5],"ChoiceDataExportTags":false,"QuestionText_Unsafe":"Please rate in how far you agree to the following statements.","DataExportTag":"Q7","QuestionID":"QID8"}},{"SurveyID":"SV_egGrQTwBJx22Doa","Element":"SQ","PrimaryAttribute":"QID7","SecondaryAttribute":"Please rate the following Instagram activities depending on how frequently you typically do them.","TertiaryAttribute":null,"Payload":{"QuestionText":"Please rate&nbsp;the following Instagram activities depending on how frequently you typically do them.","DefaultChoices":false,"QuestionType":"Matrix","Selector":"Likert","SubSelector":"SingleAnswer","DataVisibility":{"Private":false,"Hidden":false},"Configuration":{"QuestionDescriptionOption":"UseText","TextPosition":"inline","ChoiceColumnWidth":25,"RepeatHeaders":"none","WhiteSpace":"OFF","MobileFirst":true},"QuestionDescription":"Please rate the following Instagram activities depending on how frequently you typically do them.","Choices":{"1":{"Display":"Scroll the feed"},"2":{"Display":"Look at user stories"},"3":{"Display":"Look at user profiles"},"4":{"Display":"Look at company profiles\/posts"},"5":{"Display":"Like posts"},"6":{"Display":"Comment on posts"},"7":{"Display":"Write messages with other users"},"8":{"Display":"Create stories and\/or posts"}},"ChoiceOrder":[1,2,3,4,5,6,7,8],"Validation":{"Settings":{"ForceResponse":"OFF","Type":"None"}},"GradingData":[],"Language":[],"NextChoiceId":9,"NextAnswerId":5,"Answers":{"1":{"Display":"Normally, everytime when I am on Instagram"},"2":{"Display":"Once in a while when I am on Instagram"},"3":{"Display":"Very seldomly when I am on Instagram"},"4":{"Display":"I never do these things on Instagram"}},"AnswerOrder":["1","2","3","4"],"ChoiceDataExportTags":false,"QuestionText_Unsafe":"Please sort the following Instagram activities depending on how frequently you typically do them.","DataExportTag":"Q6","QuestionID":"QID7"}},{"SurveyID":"SV_egGrQTwBJx22Doa","Element":"SQ","PrimaryAttribute":"QID1","SecondaryAttribute":"Thank you very much for participating! Before we start with the EEG experiment, we need to assess...","TertiaryAttribute":null,"Payload":{"QuestionText":"Thank you very much for participating!<br><br>Before we start with the EEG experiment, we need to assess some general information about you and your social media use \ud83d\udcf7<br><br><br>Please take your time and fill out the following questions.<br>","DefaultChoices":false,"DataExportTag":"","QuestionID":"QID1","QuestionType":"DB","Selector":"TB","DataVisibility":{"Private":false,"Hidden":false},"Configuration":{"QuestionDescriptionOption":"UseText"},"QuestionDescription":"Thank you very much for participating! Before we start with the EEG experiment, we need to assess...","ChoiceOrder":[],"Validation":{"Settings":{"Type":"None"}},"GradingData":[],"Language":[],"NextChoiceId":4,"NextAnswerId":1}},{"SurveyID":"SV_egGrQTwBJx22Doa","Element":"SQ","PrimaryAttribute":"QID9","SecondaryAttribute":"What is you preferred hand to accomplish the following activities? If you use both hands, then se...","TertiaryAttribute":null,"Payload":{"QuestionText":"What is you preferred hand to accomplish the following activities?  If you use both hands, then select both answer options.<br><br>With which hand do you\u2026<br>","DefaultChoices":false,"DataExportTag":"Q9","QuestionID":"QID9","QuestionType":"SBS","Selector":"SBSMatrix","Configuration":{"QuestionDescriptionOption":"UseText","RepeatHeaders":"none"},"QuestionDescription":"What is you preferred hand to accomplish the following activities? If you use both hands, then se...","Choices":{"1":{"Display":"\u2026 throw a ball?"},"2":{"Display":"\u2026 cut with scissors?"},"3":{"Display":"\u2026 comb your hair?"},"4":{"Display":"\u2026 brush your teeth?"},"5":{"Display":"\u2026 cut food with a knife (without fork)?"},"6":{"Display":"\u2026 eat with a spoon?"},"7":{"Display":"\u2026 hammer?"},"8":{"Display":"\u2026 use a screwdriver?"},"9":{"Display":"\u2026 strike a match (in which hand is the match)?"},"10":{"Display":"\u2026 thread a needle (thread or needle, according to which is moved)?"}},"ChoiceOrder":[1,2,3,4,5,6,7,8,9,10],"Validation":{"Settings":{"ForceResponse":"ON","ForceResponseType":"ON","Type":"None"}},"GradingData":[],"Language":[],"NextChoiceId":11,"NextAnswerId":2,"NumberOfQuestions":1,"AdditionalQuestions":{"1":{"Answers":{"1":{"Display":"Left"},"2":{"Display":"Right"}},"QuestionText":"Which hand would you use?","RecodeValues":[],"VariableNaming":[],"AnalyzeChoices":[],"QuestionType":"Matrix","Selector":"Likert","SubSelector":"MultipleAnswer","ChoiceColumnWidthPixels":null,"DataExportTag":"Q9#1","QuestionID":"QID9#1","Choices":{"1":{"Display":"\u2026 throw a ball?"},"2":{"Display":"\u2026 cut with scissors?"},"3":{"Display":"\u2026 comb your hair?"},"4":{"Display":"\u2026 brush your teeth?"},"5":{"Display":"\u2026 cut food with a knife (without fork)?"},"6":{"Display":"\u2026 eat with a spoon?"},"7":{"Display":"\u2026 hammer?"},"8":{"Display":"\u2026 use a screwdriver?"},"9":{"Display":"\u2026 strike a match (in which hand is the match)?"},"10":{"Display":"\u2026 thread a needle (thread or needle, according to which is moved)?"}},"ChoiceDataExportTags":false,"Validation":{"Settings":{"ForceResponse":"ON"}},"QuestionDescription":"Which hand would you use?","Configuration":{"QuestionDescriptionOption":"UseText"}}},"ChoiceDataExportTags":false,"DataVisibility":{"Private":false,"Hidden":false}}},{"SurveyID":"SV_egGrQTwBJx22Doa","Element":"SQ","PrimaryAttribute":"QID3","SecondaryAttribute":"What is your biological sex?","TertiaryAttribute":null,"Payload":{"QuestionText":"What is your biological sex?","DefaultChoices":false,"QuestionType":"MC","Selector":"SAVR","SubSelector":"TX","Configuration":{"QuestionDescriptionOption":"UseText","Autoscale":{"YScale":{"Name":"maleFemale","Type":"likert","Reverse":false}}},"QuestionDescription":"What is your biological sex?","Choices":{"1":{"Display":"Male"},"2":{"Display":"Female"},"3":{"Display":"Non-binary \/ third gender"},"4":{"Display":"Prefer not to say"}},"ChoiceOrder":["1","2","3","4"],"Validation":{"Settings":{"ForceResponse":"ON","ForceResponseType":"ON","Type":"None"}},"GradingData":[],"Language":[],"NextChoiceId":5,"NextAnswerId":1,"QuestionText_Unsafe":"What is your biological sex?","DataExportTag":"Q2","QuestionID":"QID3"}}]}